// !$*UTF8*$!
{
	archiveVersion = 1;
	classes = {
	};
	objectVersion = 56;
	objects = {

/* Begin PBXBuildFile section */
		4BCA0C262BD651AE003CFD77 /* RoomieAppApp.swift in Sources */ = {isa = PBXBuildFile; fileRef = 4BCA0C252BD651AE003CFD77 /* RoomieAppApp.swift */; };
		4BCA0C282BD651AE003CFD77 /* ContentView.swift in Sources */ = {isa = PBXBuildFile; fileRef = 4BCA0C272BD651AE003CFD77 /* ContentView.swift */; };
		4BCA0C2A2BD651B0003CFD77 /* Assets.xcassets in Resources */ = {isa = PBXBuildFile; fileRef = 4BCA0C292BD651B0003CFD77 /* Assets.xcassets */; };
		4BCA0C2E2BD651B0003CFD77 /* Preview Assets.xcassets in Resources */ = {isa = PBXBuildFile; fileRef = 4BCA0C2D2BD651B0003CFD77 /* Preview Assets.xcassets */; };
		4BCA0C382BD651B0003CFD77 /* RoomieAppTests.swift in Sources */ = {isa = PBXBuildFile; fileRef = 4BCA0C372BD651B0003CFD77 /* RoomieAppTests.swift */; };
		4BCA0C422BD651B0003CFD77 /* RoomieAppUITests.swift in Sources */ = {isa = PBXBuildFile; fileRef = 4BCA0C412BD651B0003CFD77 /* RoomieAppUITests.swift */; };
		4BCA0C442BD651B0003CFD77 /* RoomieAppUITestsLaunchTests.swift in Sources */ = {isa = PBXBuildFile; fileRef = 4BCA0C432BD651B0003CFD77 /* RoomieAppUITestsLaunchTests.swift */; };
		4BCA0C512BD66D5E003CFD77 /* Chat.swift in Sources */ = {isa = PBXBuildFile; fileRef = 4BCA0C502BD66D5E003CFD77 /* Chat.swift */; };
		4BE77F212BE5E3D0000D7F55 /* Profile.swift in Sources */ = {isa = PBXBuildFile; fileRef = 4BE77F202BE5E3D0000D7F55 /* Profile.swift */; };
		BA098C9D2BD6A79D00E8E436 /* Home.swift in Sources */ = {isa = PBXBuildFile; fileRef = BA098C9C2BD6A79D00E8E436 /* Home.swift */; };
		BA098C9F2BD6A7A600E8E436 /* MenuBar.swift in Sources */ = {isa = PBXBuildFile; fileRef = BA098C9E2BD6A7A600E8E436 /* MenuBar.swift */; };
		BA098CA52BD6A7B500E8E436 /* JacquesFrancois-Regular.ttf in Resources */ = {isa = PBXBuildFile; fileRef = BA098CA22BD6A7B500E8E436 /* JacquesFrancois-Regular.ttf */; };
		BA098CA62BD6A7B500E8E436 /* KronaOne-Regular.ttf in Resources */ = {isa = PBXBuildFile; fileRef = BA098CA32BD6A7B500E8E436 /* KronaOne-Regular.ttf */; };
/* End PBXBuildFile section */

/* Begin PBXContainerItemProxy section */
		4BCA0C342BD651B0003CFD77 /* PBXContainerItemProxy */ = {
			isa = PBXContainerItemProxy;
			containerPortal = 4BCA0C1A2BD651AE003CFD77 /* Project object */;
			proxyType = 1;
			remoteGlobalIDString = 4BCA0C212BD651AE003CFD77;
			remoteInfo = RoomieApp;
		};
		4BCA0C3E2BD651B0003CFD77 /* PBXContainerItemProxy */ = {
			isa = PBXContainerItemProxy;
			containerPortal = 4BCA0C1A2BD651AE003CFD77 /* Project object */;
			proxyType = 1;
			remoteGlobalIDString = 4BCA0C212BD651AE003CFD77;
			remoteInfo = RoomieApp;
		};
/* End PBXContainerItemProxy section */

/* Begin PBXFileReference section */
		4BCA0C222BD651AE003CFD77 /* RoomieApp.app */ = {isa = PBXFileReference; explicitFileType = wrapper.application; includeInIndex = 0; path = RoomieApp.app; sourceTree = BUILT_PRODUCTS_DIR; };
		4BCA0C252BD651AE003CFD77 /* RoomieAppApp.swift */ = {isa = PBXFileReference; lastKnownFileType = sourcecode.swift; path = RoomieAppApp.swift; sourceTree = "<group>"; };
		4BCA0C272BD651AE003CFD77 /* ContentView.swift */ = {isa = PBXFileReference; lastKnownFileType = sourcecode.swift; path = ContentView.swift; sourceTree = "<group>"; };
		4BCA0C292BD651B0003CFD77 /* Assets.xcassets */ = {isa = PBXFileReference; lastKnownFileType = folder.assetcatalog; path = Assets.xcassets; sourceTree = "<group>"; };
		4BCA0C2B2BD651B0003CFD77 /* RoomieApp.entitlements */ = {isa = PBXFileReference; lastKnownFileType = text.plist.entitlements; path = RoomieApp.entitlements; sourceTree = "<group>"; };
		4BCA0C2D2BD651B0003CFD77 /* Preview Assets.xcassets */ = {isa = PBXFileReference; lastKnownFileType = folder.assetcatalog; path = "Preview Assets.xcassets"; sourceTree = "<group>"; };
		4BCA0C332BD651B0003CFD77 /* RoomieAppTests.xctest */ = {isa = PBXFileReference; explicitFileType = wrapper.cfbundle; includeInIndex = 0; path = RoomieAppTests.xctest; sourceTree = BUILT_PRODUCTS_DIR; };
		4BCA0C372BD651B0003CFD77 /* RoomieAppTests.swift */ = {isa = PBXFileReference; lastKnownFileType = sourcecode.swift; path = RoomieAppTests.swift; sourceTree = "<group>"; };
		4BCA0C3D2BD651B0003CFD77 /* RoomieAppUITests.xctest */ = {isa = PBXFileReference; explicitFileType = wrapper.cfbundle; includeInIndex = 0; path = RoomieAppUITests.xctest; sourceTree = BUILT_PRODUCTS_DIR; };
		4BCA0C412BD651B0003CFD77 /* RoomieAppUITests.swift */ = {isa = PBXFileReference; lastKnownFileType = sourcecode.swift; path = RoomieAppUITests.swift; sourceTree = "<group>"; };
		4BCA0C432BD651B0003CFD77 /* RoomieAppUITestsLaunchTests.swift */ = {isa = PBXFileReference; lastKnownFileType = sourcecode.swift; path = RoomieAppUITestsLaunchTests.swift; sourceTree = "<group>"; };
		4BCA0C502BD66D5E003CFD77 /* Chat.swift */ = {isa = PBXFileReference; lastKnownFileType = sourcecode.swift; path = Chat.swift; sourceTree = "<group>"; };
		4BE77F202BE5E3D0000D7F55 /* Profile.swift */ = {isa = PBXFileReference; lastKnownFileType = sourcecode.swift; path = Profile.swift; sourceTree = "<group>"; };
		BA098C9C2BD6A79D00E8E436 /* Home.swift */ = {isa = PBXFileReference; fileEncoding = 4; lastKnownFileType = sourcecode.swift; path = Home.swift; sourceTree = "<group>"; };
		BA098C9E2BD6A7A600E8E436 /* MenuBar.swift */ = {isa = PBXFileReference; fileEncoding = 4; lastKnownFileType = sourcecode.swift; path = MenuBar.swift; sourceTree = "<group>"; };
		BA098CA02BD6A7AF00E8E436 /* Info.plist */ = {isa = PBXFileReference; fileEncoding = 4; lastKnownFileType = text.plist.xml; path = Info.plist; sourceTree = "<group>"; };
		BA098CA22BD6A7B500E8E436 /* JacquesFrancois-Regular.ttf */ = {isa = PBXFileReference; lastKnownFileType = file; path = "JacquesFrancois-Regular.ttf"; sourceTree = "<group>"; };
		BA098CA32BD6A7B500E8E436 /* KronaOne-Regular.ttf */ = {isa = PBXFileReference; lastKnownFileType = file; path = "KronaOne-Regular.ttf"; sourceTree = "<group>"; };
/* End PBXFileReference section */

/* Begin PBXFrameworksBuildPhase section */
		4BCA0C1F2BD651AE003CFD77 /* Frameworks */ = {
			isa = PBXFrameworksBuildPhase;
			buildActionMask = 2147483647;
			files = (
			);
			runOnlyForDeploymentPostprocessing = 0;
		};
		4BCA0C302BD651B0003CFD77 /* Frameworks */ = {
			isa = PBXFrameworksBuildPhase;
			buildActionMask = 2147483647;
			files = (
			);
			runOnlyForDeploymentPostprocessing = 0;
		};
		4BCA0C3A2BD651B0003CFD77 /* Frameworks */ = {
			isa = PBXFrameworksBuildPhase;
			buildActionMask = 2147483647;
			files = (
			);
			runOnlyForDeploymentPostprocessing = 0;
		};
/* End PBXFrameworksBuildPhase section */

/* Begin PBXGroup section */
		4BCA0C192BD651AE003CFD77 = {
			isa = PBXGroup;
			children = (
				4BCA0C242BD651AE003CFD77 /* RoomieApp */,
				4BCA0C362BD651B0003CFD77 /* RoomieAppTests */,
				4BCA0C402BD651B0003CFD77 /* RoomieAppUITests */,
				4BCA0C232BD651AE003CFD77 /* Products */,
			);
			sourceTree = "<group>";
		};
		4BCA0C232BD651AE003CFD77 /* Products */ = {
			isa = PBXGroup;
			children = (
				4BCA0C222BD651AE003CFD77 /* RoomieApp.app */,
				4BCA0C332BD651B0003CFD77 /* RoomieAppTests.xctest */,
				4BCA0C3D2BD651B0003CFD77 /* RoomieAppUITests.xctest */,
			);
			name = Products;
			sourceTree = "<group>";
		};
		4BCA0C242BD651AE003CFD77 /* RoomieApp */ = {
			isa = PBXGroup;
			children = (
				BA098CA02BD6A7AF00E8E436 /* Info.plist */,
				BA098C9C2BD6A79D00E8E436 /* Home.swift */,
				4BCA0C252BD651AE003CFD77 /* RoomieAppApp.swift */,
				BA098C9E2BD6A7A600E8E436 /* MenuBar.swift */,
				4BCA0C272BD651AE003CFD77 /* ContentView.swift */,
				4BCA0C502BD66D5E003CFD77 /* Chat.swift */,
				4BE77F202BE5E3D0000D7F55 /* Profile.swift */,
				BA098CA42BD6A7B500E8E436 /* Text */,
				4BCA0C292BD651B0003CFD77 /* Assets.xcassets */,
				4BCA0C2B2BD651B0003CFD77 /* RoomieApp.entitlements */,
				4BCA0C2C2BD651B0003CFD77 /* Preview Content */,
			);
			path = RoomieApp;
			sourceTree = "<group>";
		};
		4BCA0C2C2BD651B0003CFD77 /* Preview Content */ = {
			isa = PBXGroup;
			children = (
				4BCA0C2D2BD651B0003CFD77 /* Preview Assets.xcassets */,
			);
			path = "Preview Content";
			sourceTree = "<group>";
		};
		4BCA0C362BD651B0003CFD77 /* RoomieAppTests */ = {
			isa = PBXGroup;
			children = (
				4BCA0C372BD651B0003CFD77 /* RoomieAppTests.swift */,
			);
			path = RoomieAppTests;
			sourceTree = "<group>";
		};
		4BCA0C402BD651B0003CFD77 /* RoomieAppUITests */ = {
			isa = PBXGroup;
			children = (
				4BCA0C412BD651B0003CFD77 /* RoomieAppUITests.swift */,
				4BCA0C432BD651B0003CFD77 /* RoomieAppUITestsLaunchTests.swift */,
			);
			path = RoomieAppUITests;
			sourceTree = "<group>";
		};
		BA098CA42BD6A7B500E8E436 /* Text */ = {
			isa = PBXGroup;
			children = (
				BA098CA22BD6A7B500E8E436 /* JacquesFrancois-Regular.ttf */,
				BA098CA32BD6A7B500E8E436 /* KronaOne-Regular.ttf */,
			);
			path = Text;
			sourceTree = "<group>";
		};
/* End PBXGroup section */

/* Begin PBXNativeTarget section */
		4BCA0C212BD651AE003CFD77 /* RoomieApp */ = {
			isa = PBXNativeTarget;
			buildConfigurationList = 4BCA0C472BD651B0003CFD77 /* Build configuration list for PBXNativeTarget "RoomieApp" */;
			buildPhases = (
				4BCA0C1E2BD651AE003CFD77 /* Sources */,
				4BCA0C1F2BD651AE003CFD77 /* Frameworks */,
				4BCA0C202BD651AE003CFD77 /* Resources */,
			);
			buildRules = (
			);
			dependencies = (
			);
			name = RoomieApp;
			productName = RoomieApp;
			productReference = 4BCA0C222BD651AE003CFD77 /* RoomieApp.app */;
			productType = "com.apple.product-type.application";
		};
		4BCA0C322BD651B0003CFD77 /* RoomieAppTests */ = {
			isa = PBXNativeTarget;
			buildConfigurationList = 4BCA0C4A2BD651B0003CFD77 /* Build configuration list for PBXNativeTarget "RoomieAppTests" */;
			buildPhases = (
				4BCA0C2F2BD651B0003CFD77 /* Sources */,
				4BCA0C302BD651B0003CFD77 /* Frameworks */,
				4BCA0C312BD651B0003CFD77 /* Resources */,
			);
			buildRules = (
			);
			dependencies = (
				4BCA0C352BD651B0003CFD77 /* PBXTargetDependency */,
			);
			name = RoomieAppTests;
			productName = RoomieAppTests;
			productReference = 4BCA0C332BD651B0003CFD77 /* RoomieAppTests.xctest */;
			productType = "com.apple.product-type.bundle.unit-test";
		};
		4BCA0C3C2BD651B0003CFD77 /* RoomieAppUITests */ = {
			isa = PBXNativeTarget;
			buildConfigurationList = 4BCA0C4D2BD651B0003CFD77 /* Build configuration list for PBXNativeTarget "RoomieAppUITests" */;
			buildPhases = (
				4BCA0C392BD651B0003CFD77 /* Sources */,
				4BCA0C3A2BD651B0003CFD77 /* Frameworks */,
				4BCA0C3B2BD651B0003CFD77 /* Resources */,
			);
			buildRules = (
			);
			dependencies = (
				4BCA0C3F2BD651B0003CFD77 /* PBXTargetDependency */,
			);
			name = RoomieAppUITests;
			productName = RoomieAppUITests;
			productReference = 4BCA0C3D2BD651B0003CFD77 /* RoomieAppUITests.xctest */;
			productType = "com.apple.product-type.bundle.ui-testing";
		};
/* End PBXNativeTarget section */

/* Begin PBXProject section */
		4BCA0C1A2BD651AE003CFD77 /* Project object */ = {
			isa = PBXProject;
			attributes = {
				BuildIndependentTargetsInParallel = 1;
				LastSwiftUpdateCheck = 1530;
				LastUpgradeCheck = 1530;
				TargetAttributes = {
					4BCA0C212BD651AE003CFD77 = {
						CreatedOnToolsVersion = 15.3;
					};
					4BCA0C322BD651B0003CFD77 = {
						CreatedOnToolsVersion = 15.3;
						TestTargetID = 4BCA0C212BD651AE003CFD77;
					};
					4BCA0C3C2BD651B0003CFD77 = {
						CreatedOnToolsVersion = 15.3;
						TestTargetID = 4BCA0C212BD651AE003CFD77;
					};
				};
			};
			buildConfigurationList = 4BCA0C1D2BD651AE003CFD77 /* Build configuration list for PBXProject "RoomieApp" */;
			compatibilityVersion = "Xcode 14.0";
			developmentRegion = en;
			hasScannedForEncodings = 0;
			knownRegions = (
				en,
				Base,
			);
			mainGroup = 4BCA0C192BD651AE003CFD77;
			productRefGroup = 4BCA0C232BD651AE003CFD77 /* Products */;
			projectDirPath = "";
			projectRoot = "";
			targets = (
				4BCA0C212BD651AE003CFD77 /* RoomieApp */,
				4BCA0C322BD651B0003CFD77 /* RoomieAppTests */,
				4BCA0C3C2BD651B0003CFD77 /* RoomieAppUITests */,
			);
		};
/* End PBXProject section */

/* Begin PBXResourcesBuildPhase section */
		4BCA0C202BD651AE003CFD77 /* Resources */ = {
			isa = PBXResourcesBuildPhase;
			buildActionMask = 2147483647;
			files = (
				4BCA0C2E2BD651B0003CFD77 /* Preview Assets.xcassets in Resources */,
				4BCA0C2A2BD651B0003CFD77 /* Assets.xcassets in Resources */,
				BA098CA52BD6A7B500E8E436 /* JacquesFrancois-Regular.ttf in Resources */,
				BA098CA62BD6A7B500E8E436 /* KronaOne-Regular.ttf in Resources */,
			);
			runOnlyForDeploymentPostprocessing = 0;
		};
		4BCA0C312BD651B0003CFD77 /* Resources */ = {
			isa = PBXResourcesBuildPhase;
			buildActionMask = 2147483647;
			files = (
			);
			runOnlyForDeploymentPostprocessing = 0;
		};
		4BCA0C3B2BD651B0003CFD77 /* Resources */ = {
			isa = PBXResourcesBuildPhase;
			buildActionMask = 2147483647;
			files = (
			);
			runOnlyForDeploymentPostprocessing = 0;
		};
/* End PBXResourcesBuildPhase section */

/* Begin PBXSourcesBuildPhase section */
		4BCA0C1E2BD651AE003CFD77 /* Sources */ = {
			isa = PBXSourcesBuildPhase;
			buildActionMask = 2147483647;
			files = (
				4BCA0C282BD651AE003CFD77 /* ContentView.swift in Sources */,
				4BE77F212BE5E3D0000D7F55 /* Profile.swift in Sources */,
				4BCA0C512BD66D5E003CFD77 /* Chat.swift in Sources */,
				BA098C9D2BD6A79D00E8E436 /* Home.swift in Sources */,
				4BCA0C262BD651AE003CFD77 /* RoomieAppApp.swift in Sources */,
				BA098C9F2BD6A7A600E8E436 /* MenuBar.swift in Sources */,
			);
			runOnlyForDeploymentPostprocessing = 0;
		};
		4BCA0C2F2BD651B0003CFD77 /* Sources */ = {
			isa = PBXSourcesBuildPhase;
			buildActionMask = 2147483647;
			files = (
				4BCA0C382BD651B0003CFD77 /* RoomieAppTests.swift in Sources */,
			);
			runOnlyForDeploymentPostprocessing = 0;
		};
		4BCA0C392BD651B0003CFD77 /* Sources */ = {
			isa = PBXSourcesBuildPhase;
			buildActionMask = 2147483647;
			files = (
				4BCA0C422BD651B0003CFD77 /* RoomieAppUITests.swift in Sources */,
				4BCA0C442BD651B0003CFD77 /* RoomieAppUITestsLaunchTests.swift in Sources */,
			);
			runOnlyForDeploymentPostprocessing = 0;
		};
/* End PBXSourcesBuildPhase section */

/* Begin PBXTargetDependency section */
		4BCA0C352BD651B0003CFD77 /* PBXTargetDependency */ = {
			isa = PBXTargetDependency;
			target = 4BCA0C212BD651AE003CFD77 /* RoomieApp */;
			targetProxy = 4BCA0C342BD651B0003CFD77 /* PBXContainerItemProxy */;
		};
		4BCA0C3F2BD651B0003CFD77 /* PBXTargetDependency */ = {
			isa = PBXTargetDependency;
			target = 4BCA0C212BD651AE003CFD77 /* RoomieApp */;
			targetProxy = 4BCA0C3E2BD651B0003CFD77 /* PBXContainerItemProxy */;
		};
/* End PBXTargetDependency section */

/* Begin XCBuildConfiguration section */
		4BCA0C452BD651B0003CFD77 /* Debug */ = {
			isa = XCBuildConfiguration;
			buildSettings = {
				ALWAYS_SEARCH_USER_PATHS = NO;
				ASSETCATALOG_COMPILER_GENERATE_SWIFT_ASSET_SYMBOL_EXTENSIONS = YES;
				CLANG_ANALYZER_NONNULL = YES;
				CLANG_ANALYZER_NUMBER_OBJECT_CONVERSION = YES_AGGRESSIVE;
				CLANG_CXX_LANGUAGE_STANDARD = "gnu++20";
				CLANG_ENABLE_MODULES = YES;
				CLANG_ENABLE_OBJC_ARC = YES;
				CLANG_ENABLE_OBJC_WEAK = YES;
				CLANG_WARN_BLOCK_CAPTURE_AUTORELEASING = YES;
				CLANG_WARN_BOOL_CONVERSION = YES;
				CLANG_WARN_COMMA = YES;
				CLANG_WARN_CONSTANT_CONVERSION = YES;
				CLANG_WARN_DEPRECATED_OBJC_IMPLEMENTATIONS = YES;
				CLANG_WARN_DIRECT_OBJC_ISA_USAGE = YES_ERROR;
				CLANG_WARN_DOCUMENTATION_COMMENTS = YES;
				CLANG_WARN_EMPTY_BODY = YES;
				CLANG_WARN_ENUM_CONVERSION = YES;
				CLANG_WARN_INFINITE_RECURSION = YES;
				CLANG_WARN_INT_CONVERSION = YES;
				CLANG_WARN_NON_LITERAL_NULL_CONVERSION = YES;
				CLANG_WARN_OBJC_IMPLICIT_RETAIN_SELF = YES;
				CLANG_WARN_OBJC_LITERAL_CONVERSION = YES;
				CLANG_WARN_OBJC_ROOT_CLASS = YES_ERROR;
				CLANG_WARN_QUOTED_INCLUDE_IN_FRAMEWORK_HEADER = YES;
				CLANG_WARN_RANGE_LOOP_ANALYSIS = YES;
				CLANG_WARN_STRICT_PROTOTYPES = YES;
				CLANG_WARN_SUSPICIOUS_MOVE = YES;
				CLANG_WARN_UNGUARDED_AVAILABILITY = YES_AGGRESSIVE;
				CLANG_WARN_UNREACHABLE_CODE = YES;
				CLANG_WARN__DUPLICATE_METHOD_MATCH = YES;
				COPY_PHASE_STRIP = NO;
				DEBUG_INFORMATION_FORMAT = dwarf;
				ENABLE_STRICT_OBJC_MSGSEND = YES;
				ENABLE_TESTABILITY = YES;
				ENABLE_USER_SCRIPT_SANDBOXING = YES;
				GCC_C_LANGUAGE_STANDARD = gnu17;
				GCC_DYNAMIC_NO_PIC = NO;
				GCC_NO_COMMON_BLOCKS = YES;
				GCC_OPTIMIZATION_LEVEL = 0;
				GCC_PREPROCESSOR_DEFINITIONS = (
					"DEBUG=1",
					"$(inherited)",
				);
				GCC_WARN_64_TO_32_BIT_CONVERSION = YES;
				GCC_WARN_ABOUT_RETURN_TYPE = YES_ERROR;
				GCC_WARN_UNDECLARED_SELECTOR = YES;
				GCC_WARN_UNINITIALIZED_AUTOS = YES_AGGRESSIVE;
				GCC_WARN_UNUSED_FUNCTION = YES;
				GCC_WARN_UNUSED_VARIABLE = YES;
				LOCALIZATION_PREFERS_STRING_CATALOGS = YES;
				MTL_ENABLE_DEBUG_INFO = INCLUDE_SOURCE;
				MTL_FAST_MATH = YES;
				ONLY_ACTIVE_ARCH = YES;
				SWIFT_ACTIVE_COMPILATION_CONDITIONS = "DEBUG $(inherited)";
				SWIFT_OPTIMIZATION_LEVEL = "-Onone";
			};
			name = Debug;
		};
		4BCA0C462BD651B0003CFD77 /* Release */ = {
			isa = XCBuildConfiguration;
			buildSettings = {
				ALWAYS_SEARCH_USER_PATHS = NO;
				ASSETCATALOG_COMPILER_GENERATE_SWIFT_ASSET_SYMBOL_EXTENSIONS = YES;
				CLANG_ANALYZER_NONNULL = YES;
				CLANG_ANALYZER_NUMBER_OBJECT_CONVERSION = YES_AGGRESSIVE;
				CLANG_CXX_LANGUAGE_STANDARD = "gnu++20";
				CLANG_ENABLE_MODULES = YES;
				CLANG_ENABLE_OBJC_ARC = YES;
				CLANG_ENABLE_OBJC_WEAK = YES;
				CLANG_WARN_BLOCK_CAPTURE_AUTORELEASING = YES;
				CLANG_WARN_BOOL_CONVERSION = YES;
				CLANG_WARN_COMMA = YES;
				CLANG_WARN_CONSTANT_CONVERSION = YES;
				CLANG_WARN_DEPRECATED_OBJC_IMPLEMENTATIONS = YES;
				CLANG_WARN_DIRECT_OBJC_ISA_USAGE = YES_ERROR;
				CLANG_WARN_DOCUMENTATION_COMMENTS = YES;
				CLANG_WARN_EMPTY_BODY = YES;
				CLANG_WARN_ENUM_CONVERSION = YES;
				CLANG_WARN_INFINITE_RECURSION = YES;
				CLANG_WARN_INT_CONVERSION = YES;
				CLANG_WARN_NON_LITERAL_NULL_CONVERSION = YES;
				CLANG_WARN_OBJC_IMPLICIT_RETAIN_SELF = YES;
				CLANG_WARN_OBJC_LITERAL_CONVERSION = YES;
				CLANG_WARN_OBJC_ROOT_CLASS = YES_ERROR;
				CLANG_WARN_QUOTED_INCLUDE_IN_FRAMEWORK_HEADER = YES;
				CLANG_WARN_RANGE_LOOP_ANALYSIS = YES;
				CLANG_WARN_STRICT_PROTOTYPES = YES;
				CLANG_WARN_SUSPICIOUS_MOVE = YES;
				CLANG_WARN_UNGUARDED_AVAILABILITY = YES_AGGRESSIVE;
				CLANG_WARN_UNREACHABLE_CODE = YES;
				CLANG_WARN__DUPLICATE_METHOD_MATCH = YES;
				COPY_PHASE_STRIP = NO;
				DEBUG_INFORMATION_FORMAT = "dwarf-with-dsym";
				ENABLE_NS_ASSERTIONS = NO;
				ENABLE_STRICT_OBJC_MSGSEND = YES;
				ENABLE_USER_SCRIPT_SANDBOXING = YES;
				GCC_C_LANGUAGE_STANDARD = gnu17;
				GCC_NO_COMMON_BLOCKS = YES;
				GCC_WARN_64_TO_32_BIT_CONVERSION = YES;
				GCC_WARN_ABOUT_RETURN_TYPE = YES_ERROR;
				GCC_WARN_UNDECLARED_SELECTOR = YES;
				GCC_WARN_UNINITIALIZED_AUTOS = YES_AGGRESSIVE;
				GCC_WARN_UNUSED_FUNCTION = YES;
				GCC_WARN_UNUSED_VARIABLE = YES;
				LOCALIZATION_PREFERS_STRING_CATALOGS = YES;
				MTL_ENABLE_DEBUG_INFO = NO;
				MTL_FAST_MATH = YES;
				SWIFT_COMPILATION_MODE = wholemodule;
			};
			name = Release;
		};
		4BCA0C482BD651B0003CFD77 /* Debug */ = {
			isa = XCBuildConfiguration;
			buildSettings = {
				ASSETCATALOG_COMPILER_APPICON_NAME = AppIcon;
				ASSETCATALOG_COMPILER_GLOBAL_ACCENT_COLOR_NAME = AccentColor;
				CODE_SIGN_ENTITLEMENTS = RoomieApp/RoomieApp.entitlements;
				CODE_SIGN_STYLE = Automatic;
				CURRENT_PROJECT_VERSION = 1;
				DEVELOPMENT_ASSET_PATHS = "\"RoomieApp/Preview Content\"";
				ENABLE_PREVIEWS = YES;
				GENERATE_INFOPLIST_FILE = YES;
				"INFOPLIST_KEY_UIApplicationSceneManifest_Generation[sdk=iphoneos*]" = YES;
				"INFOPLIST_KEY_UIApplicationSceneManifest_Generation[sdk=iphonesimulator*]" = YES;
				"INFOPLIST_KEY_UIApplicationSupportsIndirectInputEvents[sdk=iphoneos*]" = YES;
				"INFOPLIST_KEY_UIApplicationSupportsIndirectInputEvents[sdk=iphonesimulator*]" = YES;
				"INFOPLIST_KEY_UILaunchScreen_Generation[sdk=iphoneos*]" = YES;
				"INFOPLIST_KEY_UILaunchScreen_Generation[sdk=iphonesimulator*]" = YES;
				"INFOPLIST_KEY_UIStatusBarStyle[sdk=iphoneos*]" = UIStatusBarStyleDefault;
				"INFOPLIST_KEY_UIStatusBarStyle[sdk=iphonesimulator*]" = UIStatusBarStyleDefault;
				INFOPLIST_KEY_UISupportedInterfaceOrientations_iPad = "UIInterfaceOrientationPortrait UIInterfaceOrientationPortraitUpsideDown UIInterfaceOrientationLandscapeLeft UIInterfaceOrientationLandscapeRight";
				INFOPLIST_KEY_UISupportedInterfaceOrientations_iPhone = "UIInterfaceOrientationPortrait UIInterfaceOrientationLandscapeLeft UIInterfaceOrientationLandscapeRight";
				IPHONEOS_DEPLOYMENT_TARGET = 17.0;
				LD_RUNPATH_SEARCH_PATHS = "@executable_path/Frameworks";
				"LD_RUNPATH_SEARCH_PATHS[sdk=macosx*]" = "@executable_path/../Frameworks";
				MACOSX_DEPLOYMENT_TARGET = 14.2;
				MARKETING_VERSION = 1.0;
				PRODUCT_BUNDLE_IDENTIFIER = SAD.RoomieApp;
				PRODUCT_NAME = "$(TARGET_NAME)";
				SDKROOT = auto;
				SUPPORTED_PLATFORMS = "iphonesimulator iphoneos";
				SWIFT_EMIT_LOC_STRINGS = YES;
				SWIFT_VERSION = 5.0;
				TARGETED_DEVICE_FAMILY = "1,2";
			};
			name = Debug;
		};
		4BCA0C492BD651B0003CFD77 /* Release */ = {
			isa = XCBuildConfiguration;
			buildSettings = {
				ASSETCATALOG_COMPILER_APPICON_NAME = AppIcon;
				ASSETCATALOG_COMPILER_GLOBAL_ACCENT_COLOR_NAME = AccentColor;
				CODE_SIGN_ENTITLEMENTS = RoomieApp/RoomieApp.entitlements;
				CODE_SIGN_STYLE = Automatic;
				CURRENT_PROJECT_VERSION = 1;
				DEVELOPMENT_ASSET_PATHS = "\"RoomieApp/Preview Content\"";
				ENABLE_PREVIEWS = YES;
				GENERATE_INFOPLIST_FILE = YES;
				"INFOPLIST_KEY_UIApplicationSceneManifest_Generation[sdk=iphoneos*]" = YES;
				"INFOPLIST_KEY_UIApplicationSceneManifest_Generation[sdk=iphonesimulator*]" = YES;
				"INFOPLIST_KEY_UIApplicationSupportsIndirectInputEvents[sdk=iphoneos*]" = YES;
				"INFOPLIST_KEY_UIApplicationSupportsIndirectInputEvents[sdk=iphonesimulator*]" = YES;
				"INFOPLIST_KEY_UILaunchScreen_Generation[sdk=iphoneos*]" = YES;
				"INFOPLIST_KEY_UILaunchScreen_Generation[sdk=iphonesimulator*]" = YES;
				"INFOPLIST_KEY_UIStatusBarStyle[sdk=iphoneos*]" = UIStatusBarStyleDefault;
				"INFOPLIST_KEY_UIStatusBarStyle[sdk=iphonesimulator*]" = UIStatusBarStyleDefault;
				INFOPLIST_KEY_UISupportedInterfaceOrientations_iPad = "UIInterfaceOrientationPortrait UIInterfaceOrientationPortraitUpsideDown UIInterfaceOrientationLandscapeLeft UIInterfaceOrientationLandscapeRight";
				INFOPLIST_KEY_UISupportedInterfaceOrientations_iPhone = "UIInterfaceOrientationPortrait UIInterfaceOrientationLandscapeLeft UIInterfaceOrientationLandscapeRight";
				IPHONEOS_DEPLOYMENT_TARGET = 17.0;
				LD_RUNPATH_SEARCH_PATHS = "@executable_path/Frameworks";
				"LD_RUNPATH_SEARCH_PATHS[sdk=macosx*]" = "@executable_path/../Frameworks";
				MACOSX_DEPLOYMENT_TARGET = 14.2;
				MARKETING_VERSION = 1.0;
				PRODUCT_BUNDLE_IDENTIFIER = SAD.RoomieApp;
				PRODUCT_NAME = "$(TARGET_NAME)";
				SDKROOT = auto;
				SUPPORTED_PLATFORMS = "iphonesimulator iphoneos";
				SWIFT_EMIT_LOC_STRINGS = YES;
				SWIFT_VERSION = 5.0;
				TARGETED_DEVICE_FAMILY = "1,2";
			};
			name = Release;
		};
		4BCA0C4B2BD651B0003CFD77 /* Debug */ = {
			isa = XCBuildConfiguration;
			buildSettings = {
				ALWAYS_EMBED_SWIFT_STANDARD_LIBRARIES = YES;
				BUNDLE_LOADER = "$(TEST_HOST)";
				CODE_SIGN_STYLE = Automatic;
				CURRENT_PROJECT_VERSION = 1;
				GENERATE_INFOPLIST_FILE = YES;
				IPHONEOS_DEPLOYMENT_TARGET = 17.4;
				MACOSX_DEPLOYMENT_TARGET = 14.2;
				MARKETING_VERSION = 1.0;
				PRODUCT_BUNDLE_IDENTIFIER = SAD.RoomieAppTests;
				PRODUCT_NAME = "$(TARGET_NAME)";
				SDKROOT = auto;
				SUPPORTED_PLATFORMS = "iphoneos iphonesimulator macosx";
				SWIFT_EMIT_LOC_STRINGS = NO;
				SWIFT_VERSION = 5.0;
				TARGETED_DEVICE_FAMILY = "1,2";
				TEST_HOST = "$(BUILT_PRODUCTS_DIR)/RoomieApp.app/$(BUNDLE_EXECUTABLE_FOLDER_PATH)/RoomieApp";
			};
			name = Debug;
		};
		4BCA0C4C2BD651B0003CFD77 /* Release */ = {
			isa = XCBuildConfiguration;
			buildSettings = {
				ALWAYS_EMBED_SWIFT_STANDARD_LIBRARIES = YES;
				BUNDLE_LOADER = "$(TEST_HOST)";
				CODE_SIGN_STYLE = Automatic;
				CURRENT_PROJECT_VERSION = 1;
				GENERATE_INFOPLIST_FILE = YES;
				IPHONEOS_DEPLOYMENT_TARGET = 17.4;
				MACOSX_DEPLOYMENT_TARGET = 14.2;
				MARKETING_VERSION = 1.0;
				PRODUCT_BUNDLE_IDENTIFIER = SAD.RoomieAppTests;
				PRODUCT_NAME = "$(TARGET_NAME)";
				SDKROOT = auto;
				SUPPORTED_PLATFORMS = "iphoneos iphonesimulator macosx";
				SWIFT_EMIT_LOC_STRINGS = NO;
				SWIFT_VERSION = 5.0;
				TARGETED_DEVICE_FAMILY = "1,2";
				TEST_HOST = "$(BUILT_PRODUCTS_DIR)/RoomieApp.app/$(BUNDLE_EXECUTABLE_FOLDER_PATH)/RoomieApp";
			};
			name = Release;
		};
		4BCA0C4E2BD651B0003CFD77 /* Debug */ = {
			isa = XCBuildConfiguration;
			buildSettings = {
				ALWAYS_EMBED_SWIFT_STANDARD_LIBRARIES = YES;
				CODE_SIGN_STYLE = Automatic;
				CURRENT_PROJECT_VERSION = 1;
				GENERATE_INFOPLIST_FILE = YES;
				IPHONEOS_DEPLOYMENT_TARGET = 17.4;
				MACOSX_DEPLOYMENT_TARGET = 14.2;
				MARKETING_VERSION = 1.0;
				PRODUCT_BUNDLE_IDENTIFIER = SAD.RoomieAppUITests;
				PRODUCT_NAME = "$(TARGET_NAME)";
				SDKROOT = auto;
				SUPPORTED_PLATFORMS = "iphoneos iphonesimulator macosx";
				SWIFT_EMIT_LOC_STRINGS = NO;
				SWIFT_VERSION = 5.0;
				TARGETED_DEVICE_FAMILY = "1,2";
				TEST_TARGET_NAME = RoomieApp;
			};
			name = Debug;
		};
		4BCA0C4F2BD651B0003CFD77 /* Release */ = {
			isa = XCBuildConfiguration;
			buildSettings = {
				ALWAYS_EMBED_SWIFT_STANDARD_LIBRARIES = YES;
				CODE_SIGN_STYLE = Automatic;
				CURRENT_PROJECT_VERSION = 1;
				GENERATE_INFOPLIST_FILE = YES;
				IPHONEOS_DEPLOYMENT_TARGET = 17.4;
				MACOSX_DEPLOYMENT_TARGET = 14.2;
				MARKETING_VERSION = 1.0;
				PRODUCT_BUNDLE_IDENTIFIER = SAD.RoomieAppUITests;
				PRODUCT_NAME = "$(TARGET_NAME)";
				SDKROOT = auto;
				SUPPORTED_PLATFORMS = "iphoneos iphonesimulator macosx";
				SWIFT_EMIT_LOC_STRINGS = NO;
				SWIFT_VERSION = 5.0;
				TARGETED_DEVICE_FAMILY = "1,2";
				TEST_TARGET_NAME = RoomieApp;
			};
			name = Release;
		};
/* End XCBuildConfiguration section */

/* Begin XCConfigurationList section */
		4BCA0C1D2BD651AE003CFD77 /* Build configuration list for PBXProject "RoomieApp" */ = {
			isa = XCConfigurationList;
			buildConfigurations = (
				4BCA0C452BD651B0003CFD77 /* Debug */,
				4BCA0C462BD651B0003CFD77 /* Release */,
			);
			defaultConfigurationIsVisible = 0;
			defaultConfigurationName = Release;
		};
		4BCA0C472BD651B0003CFD77 /* Build configuration list for PBXNativeTarget "RoomieApp" */ = {
			isa = XCConfigurationList;
			buildConfigurations = (
				4BCA0C482BD651B0003CFD77 /* Debug */,
				4BCA0C492BD651B0003CFD77 /* Release */,
			);
			defaultConfigurationIsVisible = 0;
			defaultConfigurationName = Release;
		};
		4BCA0C4A2BD651B0003CFD77 /* Build configuration list for PBXNativeTarget "RoomieAppTests" */ = {
			isa = XCConfigurationList;
			buildConfigurations = (
				4BCA0C4B2BD651B0003CFD77 /* Debug */,
				4BCA0C4C2BD651B0003CFD77 /* Release */,
			);
			defaultConfigurationIsVisible = 0;
			defaultConfigurationName = Release;
		};
		4BCA0C4D2BD651B0003CFD77 /* Build configuration list for PBXNativeTarget "RoomieAppUITests" */ = {
			isa = XCConfigurationList;
			buildConfigurations = (
				4BCA0C4E2BD651B0003CFD77 /* Debug */,
				4BCA0C4F2BD651B0003CFD77 /* Release */,
			);
			defaultConfigurationIsVisible = 0;
			defaultConfigurationName = Release;
		};
/* End XCConfigurationList section */
	};
	rootObject = 4BCA0C1A2BD651AE003CFD77 /* Project object */;
}
